
Microsoft Visual Studio Solution File, Format Version 12.00
# Visual Studio Version 16
VisualStudioVersion = 16.0.31424.327
MinimumVisualStudioVersion = 10.0.40219.1
Project("{9A19103F-16F7-4668-BE54-9A1E7A4F7556}") = "TB.DanceDance", "TB.DanceDance\TB.DanceDance.csproj", "{A8D96E02-2FE8-43F9-B4A3-9E4EA12EDAD3}"
EndProject
Project("{9A19103F-16F7-4668-BE54-9A1E7A4F7556}") = "TB.DanceDance.Data.Models", "TB.DanceDance.Data.Models\TB.DanceDance.Data.Models.csproj", "{BB2AAA5D-20FC-4FFD-8849-D1EDC1618075}"
EndProject
Project("{9A19103F-16F7-4668-BE54-9A1E7A4F7556}") = "TB.DanceDance.VideoLoader", "TB.DanceDance.VideoLoader\TB.DanceDance.VideoLoader.csproj", "{2AA23A3B-57B8-45A0-9FC5-1AD87B4208E7}"
EndProject
Project("{FAE04EC0-301F-11D3-BF4B-00C04F79EFBC}") = "TB.DanceDance.API", "TB.DanceDance.API\TB.DanceDance.API.csproj", "{63F98363-859C-43F7-BDE6-8571D7F3FAB4}"
EndProject
Project("{FAE04EC0-301F-11D3-BF4B-00C04F79EFBC}") = "TB.DanceDance.Data.Db", "TB.DanceDance.Data.Db\TB.DanceDance.Data.Db.csproj", "{C3540270-4CC3-41C5-8163-CE6E0EB38DE7}"
EndProject
Global
	GlobalSection(SolutionConfigurationPlatforms) = preSolution
		Debug|Any CPU = Debug|Any CPU
		Release|Any CPU = Release|Any CPU
	EndGlobalSection
	GlobalSection(ProjectConfigurationPlatforms) = postSolution
		{A8D96E02-2FE8-43F9-B4A3-9E4EA12EDAD3}.Debug|Any CPU.ActiveCfg = Debug|Any CPU
		{A8D96E02-2FE8-43F9-B4A3-9E4EA12EDAD3}.Debug|Any CPU.Build.0 = Debug|Any CPU
		{A8D96E02-2FE8-43F9-B4A3-9E4EA12EDAD3}.Release|Any CPU.ActiveCfg = Release|Any CPU
		{A8D96E02-2FE8-43F9-B4A3-9E4EA12EDAD3}.Release|Any CPU.Build.0 = Release|Any CPU
		{BB2AAA5D-20FC-4FFD-8849-D1EDC1618075}.Debug|Any CPU.ActiveCfg = Debug|Any CPU
		{BB2AAA5D-20FC-4FFD-8849-D1EDC1618075}.Debug|Any CPU.Build.0 = Debug|Any CPU
		{BB2AAA5D-20FC-4FFD-8849-D1EDC1618075}.Release|Any CPU.ActiveCfg = Release|Any CPU
		{BB2AAA5D-20FC-4FFD-8849-D1EDC1618075}.Release|Any CPU.Build.0 = Release|Any CPU
		{2AA23A3B-57B8-45A0-9FC5-1AD87B4208E7}.Debug|Any CPU.ActiveCfg = Debug|Any CPU
		{2AA23A3B-57B8-45A0-9FC5-1AD87B4208E7}.Debug|Any CPU.Build.0 = Debug|Any CPU
		{2AA23A3B-57B8-45A0-9FC5-1AD87B4208E7}.Release|Any CPU.ActiveCfg = Release|Any CPU
		{2AA23A3B-57B8-45A0-9FC5-1AD87B4208E7}.Release|Any CPU.Build.0 = Release|Any CPU
		{63F98363-859C-43F7-BDE6-8571D7F3FAB4}.Debug|Any CPU.ActiveCfg = Debug|Any CPU
		{63F98363-859C-43F7-BDE6-8571D7F3FAB4}.Debug|Any CPU.Build.0 = Debug|Any CPU
		{63F98363-859C-43F7-BDE6-8571D7F3FAB4}.Release|Any CPU.ActiveCfg = Release|Any CPU
		{63F98363-859C-43F7-BDE6-8571D7F3FAB4}.Release|Any CPU.Build.0 = Release|Any CPU
		{C3540270-4CC3-41C5-8163-CE6E0EB38DE7}.Debug|Any CPU.ActiveCfg = Debug|Any CPU
		{C3540270-4CC3-41C5-8163-CE6E0EB38DE7}.Debug|Any CPU.Build.0 = Debug|Any CPU
		{C3540270-4CC3-41C5-8163-CE6E0EB38DE7}.Release|Any CPU.ActiveCfg = Release|Any CPU
		{C3540270-4CC3-41C5-8163-CE6E0EB38DE7}.Release|Any CPU.Build.0 = Release|Any CPU
	EndGlobalSection
	GlobalSection(SolutionProperties) = preSolution
		HideSolutionNode = FALSE
	EndGlobalSection
	GlobalSection(ExtensibilityGlobals) = postSolution
		SolutionGuid = {F7B62DD5-B1F0-42D1-B42B-CFDE4BEE15D9}
	EndGlobalSection
EndGlobal
