
Microsoft Visual Studio Solution File, Format Version 12.00
# Visual Studio Version 17
VisualStudioVersion = 17.0.32014.148
MinimumVisualStudioVersion = 10.0.40219.1
Project("{9A19103F-16F7-4668-BE54-9A1E7A4F7556}") = "TB.DanceDance.API", "backend\TB.DanceDance.API\TB.DanceDance.API.csproj", "{00AB21FF-2965-488B-9EC4-143C420CBC43}"
EndProject
Project("{9A19103F-16F7-4668-BE54-9A1E7A4F7556}") = "TB.DanceDance.API.Contracts", "backend\TB.DanceDance.API.Contracts\TB.DanceDance.API.Contracts.csproj", "{B80736FA-6C67-4C42-B054-F260BA426044}"
EndProject
Project("{9A19103F-16F7-4668-BE54-9A1E7A4F7556}") = "TB.DanceDance.Services.Converter.Deamon", "backend\TB.DanceDance.Services.Converter.Deamon\TB.DanceDance.Services.Converter.Deamon.csproj", "{0AC9442C-9382-4C29-A99A-9FA73C0438E9}"
EndProject
Project("{9A19103F-16F7-4668-BE54-9A1E7A4F7556}") = "Application", "backend\Application\Application.csproj", "{4BC66137-318B-4019-A22C-5740606930EB}"
EndProject
Project("{9A19103F-16F7-4668-BE54-9A1E7A4F7556}") = "Domain", "backend\Domain\Domain.csproj", "{ECC40FED-8610-44FF-8F64-D03884BA01E8}"
EndProject
Project("{9A19103F-16F7-4668-BE54-9A1E7A4F7556}") = "Infrastructure", "backend\Infrastructure\Infrastructure.csproj", "{CFADCAD4-D023-46DD-9D85-A70653BD4936}"
EndProject
Project("{FAE04EC0-301F-11D3-BF4B-00C04F79EFBC}") = "TB.DanceDance.Mobile", "mobile\TB.DanceDance.Mobile\TB.DanceDance.Mobile.csproj", "{70B22AB9-21FC-43AD-9129-BBA0D109972F}"
EndProject
Global
	GlobalSection(SolutionConfigurationPlatforms) = preSolution
		Debug|Any CPU = Debug|Any CPU
		Release|Any CPU = Release|Any CPU
	EndGlobalSection
	GlobalSection(ProjectConfigurationPlatforms) = postSolution
		{00AB21FF-2965-488B-9EC4-143C420CBC43}.Debug|Any CPU.ActiveCfg = Debug|Any CPU
		{00AB21FF-2965-488B-9EC4-143C420CBC43}.Debug|Any CPU.Build.0 = Debug|Any CPU
		{00AB21FF-2965-488B-9EC4-143C420CBC43}.Release|Any CPU.ActiveCfg = Release|Any CPU
		{00AB21FF-2965-488B-9EC4-143C420CBC43}.Release|Any CPU.Build.0 = Release|Any CPU
		{B80736FA-6C67-4C42-B054-F260BA426044}.Debug|Any CPU.ActiveCfg = Debug|Any CPU
		{B80736FA-6C67-4C42-B054-F260BA426044}.Debug|Any CPU.Build.0 = Debug|Any CPU
		{B80736FA-6C67-4C42-B054-F260BA426044}.Release|Any CPU.ActiveCfg = Release|Any CPU
		{B80736FA-6C67-4C42-B054-F260BA426044}.Release|Any CPU.Build.0 = Release|Any CPU
		{0AC9442C-9382-4C29-A99A-9FA73C0438E9}.Debug|Any CPU.ActiveCfg = Debug|Any CPU
		{0AC9442C-9382-4C29-A99A-9FA73C0438E9}.Debug|Any CPU.Build.0 = Debug|Any CPU
		{0AC9442C-9382-4C29-A99A-9FA73C0438E9}.Release|Any CPU.ActiveCfg = Release|Any CPU
		{0AC9442C-9382-4C29-A99A-9FA73C0438E9}.Release|Any CPU.Build.0 = Release|Any CPU
		{4BC66137-318B-4019-A22C-5740606930EB}.Debug|Any CPU.ActiveCfg = Debug|Any CPU
		{4BC66137-318B-4019-A22C-5740606930EB}.Debug|Any CPU.Build.0 = Debug|Any CPU
		{4BC66137-318B-4019-A22C-5740606930EB}.Release|Any CPU.ActiveCfg = Release|Any CPU
		{4BC66137-318B-4019-A22C-5740606930EB}.Release|Any CPU.Build.0 = Release|Any CPU
		{ECC40FED-8610-44FF-8F64-D03884BA01E8}.Debug|Any CPU.ActiveCfg = Debug|Any CPU
		{ECC40FED-8610-44FF-8F64-D03884BA01E8}.Debug|Any CPU.Build.0 = Debug|Any CPU
		{ECC40FED-8610-44FF-8F64-D03884BA01E8}.Release|Any CPU.ActiveCfg = Release|Any CPU
		{ECC40FED-8610-44FF-8F64-D03884BA01E8}.Release|Any CPU.Build.0 = Release|Any CPU
		{CFADCAD4-D023-46DD-9D85-A70653BD4936}.Debug|Any CPU.ActiveCfg = Debug|Any CPU
		{CFADCAD4-D023-46DD-9D85-A70653BD4936}.Debug|Any CPU.Build.0 = Debug|Any CPU
		{CFADCAD4-D023-46DD-9D85-A70653BD4936}.Release|Any CPU.ActiveCfg = Release|Any CPU
		{CFADCAD4-D023-46DD-9D85-A70653BD4936}.Release|Any CPU.Build.0 = Release|Any CPU
		{70B22AB9-21FC-43AD-9129-BBA0D109972F}.Debug|Any CPU.ActiveCfg = Debug|Any CPU
		{70B22AB9-21FC-43AD-9129-BBA0D109972F}.Debug|Any CPU.Build.0 = Debug|Any CPU
		{70B22AB9-21FC-43AD-9129-BBA0D109972F}.Release|Any CPU.ActiveCfg = Release|Any CPU
		{70B22AB9-21FC-43AD-9129-BBA0D109972F}.Release|Any CPU.Build.0 = Release|Any CPU
	EndGlobalSection
	GlobalSection(SolutionProperties) = preSolution
		HideSolutionNode = FALSE
	EndGlobalSection
	GlobalSection(ExtensibilityGlobals) = postSolution
		SolutionGuid = {F7B62DD5-B1F0-42D1-B42B-CFDE4BEE15D9}
	EndGlobalSection
EndGlobal
